
Microsoft Visual Studio Solution File, Format Version 10.00
# Visual C# Express 2008
Project("{FAE04EC0-301F-11D3-BF4B-00C04F79EFBC}") = "TDCG", "TDCG\TDCG.csproj", "{30D26679-E876-46FC-B8C0-E55146316C8C}"
EndProject
Project("{FAE04EC0-301F-11D3-BF4B-00C04F79EFBC}") = "TSOView", "TSOView\TSOView.csproj", "{C904AF6C-EC98-4EF5-90DB-8A1575ED595C}"
	ProjectSection(ProjectDependencies) = postProject
		{30D26679-E876-46FC-B8C0-E55146316C8C} = {30D26679-E876-46FC-B8C0-E55146316C8C}
	EndProjectSection
EndProject
Global
	GlobalSection(SolutionConfigurationPlatforms) = preSolution
		Debug|Any CPU = Debug|Any CPU
		Debug|x86 = Debug|x86
		Release|Any CPU = Release|Any CPU
		Release|x86 = Release|x86
	EndGlobalSection
	GlobalSection(ProjectConfigurationPlatforms) = postSolution
		{30D26679-E876-46FC-B8C0-E55146316C8C}.Debug|Any CPU.ActiveCfg = Debug|Any CPU
		{30D26679-E876-46FC-B8C0-E55146316C8C}.Debug|Any CPU.Build.0 = Debug|Any CPU
		{30D26679-E876-46FC-B8C0-E55146316C8C}.Debug|x86.ActiveCfg = Debug|Any CPU
		{30D26679-E876-46FC-B8C0-E55146316C8C}.Release|Any CPU.ActiveCfg = Release|Any CPU
		{30D26679-E876-46FC-B8C0-E55146316C8C}.Release|Any CPU.Build.0 = Release|Any CPU
		{30D26679-E876-46FC-B8C0-E55146316C8C}.Release|x86.ActiveCfg = Release|x86
		{30D26679-E876-46FC-B8C0-E55146316C8C}.Release|x86.Build.0 = Release|x86
		{C904AF6C-EC98-4EF5-90DB-8A1575ED595C}.Debug|Any CPU.ActiveCfg = Debug|Any CPU
		{C904AF6C-EC98-4EF5-90DB-8A1575ED595C}.Debug|Any CPU.Build.0 = Debug|Any CPU
		{C904AF6C-EC98-4EF5-90DB-8A1575ED595C}.Debug|x86.ActiveCfg = Debug|Any CPU
		{C904AF6C-EC98-4EF5-90DB-8A1575ED595C}.Release|Any CPU.ActiveCfg = Release|Any CPU
		{C904AF6C-EC98-4EF5-90DB-8A1575ED595C}.Release|Any CPU.Build.0 = Release|Any CPU
		{C904AF6C-EC98-4EF5-90DB-8A1575ED595C}.Release|x86.ActiveCfg = Release|x86
		{C904AF6C-EC98-4EF5-90DB-8A1575ED595C}.Release|x86.Build.0 = Release|x86
	EndGlobalSection
	GlobalSection(SolutionProperties) = preSolution
		HideSolutionNode = FALSE
	EndGlobalSection
EndGlobal
