
Microsoft Visual Studio Solution File, Format Version 10.00
# Visual C# Express 2008
Project("{FAE04EC0-301F-11D3-BF4B-00C04F79EFBC}") = "TDCG", "TDCG\TDCG.csproj", "{30D26679-E876-46FC-B8C0-E55146316C8C}"
EndProject
Project("{FAE04EC0-301F-11D3-BF4B-00C04F79EFBC}") = "TSOView", "TSOView\TSOView.csproj", "{C904AF6C-EC98-4EF5-90DB-8A1575ED595C}"
	ProjectSection(ProjectDependencies) = postProject
		{30D26679-E876-46FC-B8C0-E55146316C8C} = {30D26679-E876-46FC-B8C0-E55146316C8C}
	EndProjectSection
EndProject
Project("{FAE04EC0-301F-11D3-BF4B-00C04F79EFBC}") = "TMOProportion", "TMOProportion\TMOProportion.csproj", "{56EBE466-6A63-448E-B8FC-BC29A456752B}"
	ProjectSection(ProjectDependencies) = postProject
		{30D26679-E876-46FC-B8C0-E55146316C8C} = {30D26679-E876-46FC-B8C0-E55146316C8C}
	EndProjectSection
EndProject
Project("{FAE04EC0-301F-11D3-BF4B-00C04F79EFBC}") = "TAHProportion", "TAHProportion\TAHProportion.csproj", "{A99FA50A-C976-4ACA-B0CB-22F273ADC0F2}"
	ProjectSection(ProjectDependencies) = postProject
		{30D26679-E876-46FC-B8C0-E55146316C8C} = {30D26679-E876-46FC-B8C0-E55146316C8C}
		{F50AD59B-747E-4296-A950-B0B4456D8BD7} = {F50AD59B-747E-4296-A950-B0B4456D8BD7}
	EndProjectSection
EndProject
Project("{FAE04EC0-301F-11D3-BF4B-00C04F79EFBC}") = "PNGProportion", "PNGProportion\PNGProportion.csproj", "{2914D2D6-9C27-46A6-B1D6-EEDAEE61CE30}"
	ProjectSection(ProjectDependencies) = postProject
		{30D26679-E876-46FC-B8C0-E55146316C8C} = {30D26679-E876-46FC-B8C0-E55146316C8C}
	EndProjectSection
EndProject
Project("{FAE04EC0-301F-11D3-BF4B-00C04F79EFBC}") = "TMOProp", "TMOProp\TMOProp.csproj", "{7999DA98-17BB-4734-AF2A-7C03CA117CF9}"
	ProjectSection(ProjectDependencies) = postProject
		{30D26679-E876-46FC-B8C0-E55146316C8C} = {30D26679-E876-46FC-B8C0-E55146316C8C}
	EndProjectSection
EndProject
Project("{FAE04EC0-301F-11D3-BF4B-00C04F79EFBC}") = "TMOComposer", "TMOComposer\TMOComposer.csproj", "{638BC13A-83B2-4AAA-AD53-48BD918B7368}"
	ProjectSection(ProjectDependencies) = postProject
		{30D26679-E876-46FC-B8C0-E55146316C8C} = {30D26679-E876-46FC-B8C0-E55146316C8C}
	EndProjectSection
EndProject
Project("{FAE04EC0-301F-11D3-BF4B-00C04F79EFBC}") = "TMOComposerConfig", "TMOComposerConfig\TMOComposerConfig.csproj", "{E1AEAF48-BC1B-4B0E-BC77-3B6461541A92}"
EndProject
Project("{FAE04EC0-301F-11D3-BF4B-00C04F79EFBC}") = "TAHTest", "TAHTest\TAHTest.csproj", "{2FC96A46-A9DB-43EC-A3EA-EC4197989A69}"
	ProjectSection(ProjectDependencies) = postProject
		{F50AD59B-747E-4296-A950-B0B4456D8BD7} = {F50AD59B-747E-4296-A950-B0B4456D8BD7}
	EndProjectSection
EndProject
Project("{FAE04EC0-301F-11D3-BF4B-00C04F79EFBC}") = "TBNTest", "TBNTest\TBNTest.csproj", "{14DD80FD-70A6-4074-96FF-16D3C541D9DC}"
	ProjectSection(ProjectDependencies) = postProject
		{30D26679-E876-46FC-B8C0-E55146316C8C} = {30D26679-E876-46FC-B8C0-E55146316C8C}
	EndProjectSection
EndProject
Project("{FAE04EC0-301F-11D3-BF4B-00C04F79EFBC}") = "TAHBackground", "TAHBackground\TAHBackground.csproj", "{D50962BC-AEA1-43E8-951E-0AB706776914}"
	ProjectSection(ProjectDependencies) = postProject
		{30D26679-E876-46FC-B8C0-E55146316C8C} = {30D26679-E876-46FC-B8C0-E55146316C8C}
		{F50AD59B-747E-4296-A950-B0B4456D8BD7} = {F50AD59B-747E-4296-A950-B0B4456D8BD7}
	EndProjectSection
EndProject
Project("{FAE04EC0-301F-11D3-BF4B-00C04F79EFBC}") = "PSDTest", "PSDTest\PSDTest.csproj", "{3E5DF5EA-6A2B-4192-837B-17F97B48D781}"
EndProject
Project("{FAE04EC0-301F-11D3-BF4B-00C04F79EFBC}") = "TPOEditor", "TPOEditor\TPOEditor.csproj", "{CC76957A-A10D-4578-AE00-8FF8BFE238BC}"
	ProjectSection(ProjectDependencies) = postProject
		{30D26679-E876-46FC-B8C0-E55146316C8C} = {30D26679-E876-46FC-B8C0-E55146316C8C}
	EndProjectSection
EndProject
Project("{FAE04EC0-301F-11D3-BF4B-00C04F79EFBC}") = "TMOMorphing", "TMOMorphing\TMOMorphing.csproj", "{F8CE66D2-BCC6-4CBF-92C0-03A9A4CA6124}"
EndProject
Project("{FAE04EC0-301F-11D3-BF4B-00C04F79EFBC}") = "TSOWeight", "TSOWeight\TSOWeight.csproj", "{54C74278-A38F-4583-954E-AAAD135E1CE4}"
	ProjectSection(ProjectDependencies) = postProject
		{30D26679-E876-46FC-B8C0-E55146316C8C} = {30D26679-E876-46FC-B8C0-E55146316C8C}
	EndProjectSection
EndProject
Project("{FAE04EC0-301F-11D3-BF4B-00C04F79EFBC}") = "TAHHair", "TAHHair\TAHHair.csproj", "{C1337B85-DC89-492B-B9EE-4541C00971A3}"
	ProjectSection(ProjectDependencies) = postProject
		{30D26679-E876-46FC-B8C0-E55146316C8C} = {30D26679-E876-46FC-B8C0-E55146316C8C}
	EndProjectSection
EndProject
Project("{FAE04EC0-301F-11D3-BF4B-00C04F79EFBC}") = "TDCG.TAHTool", "TDCG.TAHTool\TDCG.TAHTool.csproj", "{F50AD59B-747E-4296-A950-B0B4456D8BD7}"
EndProject
Global
	GlobalSection(SolutionConfigurationPlatforms) = preSolution
		Debug|Any CPU = Debug|Any CPU
		Debug|x86 = Debug|x86
		Release|Any CPU = Release|Any CPU
		Release|x86 = Release|x86
	EndGlobalSection
	GlobalSection(ProjectConfigurationPlatforms) = postSolution
		{30D26679-E876-46FC-B8C0-E55146316C8C}.Debug|Any CPU.ActiveCfg = Debug|Any CPU
		{30D26679-E876-46FC-B8C0-E55146316C8C}.Debug|Any CPU.Build.0 = Debug|Any CPU
		{30D26679-E876-46FC-B8C0-E55146316C8C}.Debug|x86.ActiveCfg = Debug|x86
		{30D26679-E876-46FC-B8C0-E55146316C8C}.Debug|x86.Build.0 = Debug|x86
		{30D26679-E876-46FC-B8C0-E55146316C8C}.Release|Any CPU.ActiveCfg = Release|Any CPU
		{30D26679-E876-46FC-B8C0-E55146316C8C}.Release|Any CPU.Build.0 = Release|Any CPU
		{30D26679-E876-46FC-B8C0-E55146316C8C}.Release|x86.ActiveCfg = Release|x86
		{30D26679-E876-46FC-B8C0-E55146316C8C}.Release|x86.Build.0 = Release|x86
		{C904AF6C-EC98-4EF5-90DB-8A1575ED595C}.Debug|Any CPU.ActiveCfg = Debug|Any CPU
		{C904AF6C-EC98-4EF5-90DB-8A1575ED595C}.Debug|Any CPU.Build.0 = Debug|Any CPU
		{C904AF6C-EC98-4EF5-90DB-8A1575ED595C}.Debug|x86.ActiveCfg = Debug|x86
		{C904AF6C-EC98-4EF5-90DB-8A1575ED595C}.Debug|x86.Build.0 = Debug|x86
		{C904AF6C-EC98-4EF5-90DB-8A1575ED595C}.Release|Any CPU.ActiveCfg = Release|Any CPU
		{C904AF6C-EC98-4EF5-90DB-8A1575ED595C}.Release|Any CPU.Build.0 = Release|Any CPU
		{C904AF6C-EC98-4EF5-90DB-8A1575ED595C}.Release|x86.ActiveCfg = Release|x86
		{C904AF6C-EC98-4EF5-90DB-8A1575ED595C}.Release|x86.Build.0 = Release|x86
		{56EBE466-6A63-448E-B8FC-BC29A456752B}.Debug|Any CPU.ActiveCfg = Debug|Any CPU
		{56EBE466-6A63-448E-B8FC-BC29A456752B}.Debug|Any CPU.Build.0 = Debug|Any CPU
		{56EBE466-6A63-448E-B8FC-BC29A456752B}.Debug|x86.ActiveCfg = Debug|x86
		{56EBE466-6A63-448E-B8FC-BC29A456752B}.Debug|x86.Build.0 = Debug|x86
		{56EBE466-6A63-448E-B8FC-BC29A456752B}.Release|Any CPU.ActiveCfg = Release|Any CPU
		{56EBE466-6A63-448E-B8FC-BC29A456752B}.Release|Any CPU.Build.0 = Release|Any CPU
		{56EBE466-6A63-448E-B8FC-BC29A456752B}.Release|x86.ActiveCfg = Release|x86
		{56EBE466-6A63-448E-B8FC-BC29A456752B}.Release|x86.Build.0 = Release|x86
		{A99FA50A-C976-4ACA-B0CB-22F273ADC0F2}.Debug|Any CPU.ActiveCfg = Debug|Any CPU
		{A99FA50A-C976-4ACA-B0CB-22F273ADC0F2}.Debug|Any CPU.Build.0 = Debug|Any CPU
		{A99FA50A-C976-4ACA-B0CB-22F273ADC0F2}.Debug|x86.ActiveCfg = Debug|x86
		{A99FA50A-C976-4ACA-B0CB-22F273ADC0F2}.Debug|x86.Build.0 = Debug|x86
		{A99FA50A-C976-4ACA-B0CB-22F273ADC0F2}.Release|Any CPU.ActiveCfg = Release|Any CPU
		{A99FA50A-C976-4ACA-B0CB-22F273ADC0F2}.Release|Any CPU.Build.0 = Release|Any CPU
		{A99FA50A-C976-4ACA-B0CB-22F273ADC0F2}.Release|x86.ActiveCfg = Release|x86
		{A99FA50A-C976-4ACA-B0CB-22F273ADC0F2}.Release|x86.Build.0 = Release|x86
		{2914D2D6-9C27-46A6-B1D6-EEDAEE61CE30}.Debug|Any CPU.ActiveCfg = Debug|Any CPU
		{2914D2D6-9C27-46A6-B1D6-EEDAEE61CE30}.Debug|Any CPU.Build.0 = Debug|Any CPU
		{2914D2D6-9C27-46A6-B1D6-EEDAEE61CE30}.Debug|x86.ActiveCfg = Debug|x86
		{2914D2D6-9C27-46A6-B1D6-EEDAEE61CE30}.Debug|x86.Build.0 = Debug|x86
		{2914D2D6-9C27-46A6-B1D6-EEDAEE61CE30}.Release|Any CPU.ActiveCfg = Release|Any CPU
		{2914D2D6-9C27-46A6-B1D6-EEDAEE61CE30}.Release|Any CPU.Build.0 = Release|Any CPU
		{2914D2D6-9C27-46A6-B1D6-EEDAEE61CE30}.Release|x86.ActiveCfg = Release|x86
		{2914D2D6-9C27-46A6-B1D6-EEDAEE61CE30}.Release|x86.Build.0 = Release|x86
		{7999DA98-17BB-4734-AF2A-7C03CA117CF9}.Debug|Any CPU.ActiveCfg = Debug|Any CPU
		{7999DA98-17BB-4734-AF2A-7C03CA117CF9}.Debug|Any CPU.Build.0 = Debug|Any CPU
		{7999DA98-17BB-4734-AF2A-7C03CA117CF9}.Debug|x86.ActiveCfg = Debug|x86
		{7999DA98-17BB-4734-AF2A-7C03CA117CF9}.Debug|x86.Build.0 = Debug|x86
		{7999DA98-17BB-4734-AF2A-7C03CA117CF9}.Release|Any CPU.ActiveCfg = Release|Any CPU
		{7999DA98-17BB-4734-AF2A-7C03CA117CF9}.Release|Any CPU.Build.0 = Release|Any CPU
		{7999DA98-17BB-4734-AF2A-7C03CA117CF9}.Release|x86.ActiveCfg = Release|x86
		{7999DA98-17BB-4734-AF2A-7C03CA117CF9}.Release|x86.Build.0 = Release|x86
		{638BC13A-83B2-4AAA-AD53-48BD918B7368}.Debug|Any CPU.ActiveCfg = Debug|Any CPU
		{638BC13A-83B2-4AAA-AD53-48BD918B7368}.Debug|Any CPU.Build.0 = Debug|Any CPU
		{638BC13A-83B2-4AAA-AD53-48BD918B7368}.Debug|x86.ActiveCfg = Debug|x86
		{638BC13A-83B2-4AAA-AD53-48BD918B7368}.Debug|x86.Build.0 = Debug|x86
		{638BC13A-83B2-4AAA-AD53-48BD918B7368}.Release|Any CPU.ActiveCfg = Release|Any CPU
		{638BC13A-83B2-4AAA-AD53-48BD918B7368}.Release|Any CPU.Build.0 = Release|Any CPU
		{638BC13A-83B2-4AAA-AD53-48BD918B7368}.Release|x86.ActiveCfg = Release|x86
		{638BC13A-83B2-4AAA-AD53-48BD918B7368}.Release|x86.Build.0 = Release|x86
		{E1AEAF48-BC1B-4B0E-BC77-3B6461541A92}.Debug|Any CPU.ActiveCfg = Debug|Any CPU
		{E1AEAF48-BC1B-4B0E-BC77-3B6461541A92}.Debug|Any CPU.Build.0 = Debug|Any CPU
		{E1AEAF48-BC1B-4B0E-BC77-3B6461541A92}.Debug|x86.ActiveCfg = Debug|x86
		{E1AEAF48-BC1B-4B0E-BC77-3B6461541A92}.Debug|x86.Build.0 = Debug|x86
		{E1AEAF48-BC1B-4B0E-BC77-3B6461541A92}.Release|Any CPU.ActiveCfg = Release|Any CPU
		{E1AEAF48-BC1B-4B0E-BC77-3B6461541A92}.Release|Any CPU.Build.0 = Release|Any CPU
		{E1AEAF48-BC1B-4B0E-BC77-3B6461541A92}.Release|x86.ActiveCfg = Release|x86
		{E1AEAF48-BC1B-4B0E-BC77-3B6461541A92}.Release|x86.Build.0 = Release|x86
		{2FC96A46-A9DB-43EC-A3EA-EC4197989A69}.Debug|Any CPU.ActiveCfg = Debug|Any CPU
		{2FC96A46-A9DB-43EC-A3EA-EC4197989A69}.Debug|Any CPU.Build.0 = Debug|Any CPU
		{2FC96A46-A9DB-43EC-A3EA-EC4197989A69}.Debug|x86.ActiveCfg = Debug|x86
		{2FC96A46-A9DB-43EC-A3EA-EC4197989A69}.Debug|x86.Build.0 = Debug|x86
		{2FC96A46-A9DB-43EC-A3EA-EC4197989A69}.Release|Any CPU.ActiveCfg = Release|Any CPU
		{2FC96A46-A9DB-43EC-A3EA-EC4197989A69}.Release|Any CPU.Build.0 = Release|Any CPU
		{2FC96A46-A9DB-43EC-A3EA-EC4197989A69}.Release|x86.ActiveCfg = Release|x86
		{2FC96A46-A9DB-43EC-A3EA-EC4197989A69}.Release|x86.Build.0 = Release|x86
		{14DD80FD-70A6-4074-96FF-16D3C541D9DC}.Debug|Any CPU.ActiveCfg = Debug|Any CPU
		{14DD80FD-70A6-4074-96FF-16D3C541D9DC}.Debug|Any CPU.Build.0 = Debug|Any CPU
		{14DD80FD-70A6-4074-96FF-16D3C541D9DC}.Debug|x86.ActiveCfg = Debug|x86
		{14DD80FD-70A6-4074-96FF-16D3C541D9DC}.Debug|x86.Build.0 = Debug|x86
		{14DD80FD-70A6-4074-96FF-16D3C541D9DC}.Release|Any CPU.ActiveCfg = Release|Any CPU
		{14DD80FD-70A6-4074-96FF-16D3C541D9DC}.Release|Any CPU.Build.0 = Release|Any CPU
		{14DD80FD-70A6-4074-96FF-16D3C541D9DC}.Release|x86.ActiveCfg = Release|x86
		{14DD80FD-70A6-4074-96FF-16D3C541D9DC}.Release|x86.Build.0 = Release|x86
		{D50962BC-AEA1-43E8-951E-0AB706776914}.Debug|Any CPU.ActiveCfg = Debug|Any CPU
		{D50962BC-AEA1-43E8-951E-0AB706776914}.Debug|Any CPU.Build.0 = Debug|Any CPU
		{D50962BC-AEA1-43E8-951E-0AB706776914}.Debug|x86.ActiveCfg = Debug|x86
		{D50962BC-AEA1-43E8-951E-0AB706776914}.Debug|x86.Build.0 = Debug|x86
		{D50962BC-AEA1-43E8-951E-0AB706776914}.Release|Any CPU.ActiveCfg = Release|Any CPU
		{D50962BC-AEA1-43E8-951E-0AB706776914}.Release|Any CPU.Build.0 = Release|Any CPU
		{D50962BC-AEA1-43E8-951E-0AB706776914}.Release|x86.ActiveCfg = Release|x86
		{D50962BC-AEA1-43E8-951E-0AB706776914}.Release|x86.Build.0 = Release|x86
		{3E5DF5EA-6A2B-4192-837B-17F97B48D781}.Debug|Any CPU.ActiveCfg = Debug|Any CPU
		{3E5DF5EA-6A2B-4192-837B-17F97B48D781}.Debug|Any CPU.Build.0 = Debug|Any CPU
		{3E5DF5EA-6A2B-4192-837B-17F97B48D781}.Debug|x86.ActiveCfg = Debug|x86
		{3E5DF5EA-6A2B-4192-837B-17F97B48D781}.Debug|x86.Build.0 = Debug|x86
		{3E5DF5EA-6A2B-4192-837B-17F97B48D781}.Release|Any CPU.ActiveCfg = Release|Any CPU
		{3E5DF5EA-6A2B-4192-837B-17F97B48D781}.Release|Any CPU.Build.0 = Release|Any CPU
		{3E5DF5EA-6A2B-4192-837B-17F97B48D781}.Release|x86.ActiveCfg = Release|x86
		{3E5DF5EA-6A2B-4192-837B-17F97B48D781}.Release|x86.Build.0 = Release|x86
		{CC76957A-A10D-4578-AE00-8FF8BFE238BC}.Debug|Any CPU.ActiveCfg = Debug|Any CPU
		{CC76957A-A10D-4578-AE00-8FF8BFE238BC}.Debug|Any CPU.Build.0 = Debug|Any CPU
		{CC76957A-A10D-4578-AE00-8FF8BFE238BC}.Debug|x86.ActiveCfg = Debug|x86
		{CC76957A-A10D-4578-AE00-8FF8BFE238BC}.Debug|x86.Build.0 = Debug|x86
		{CC76957A-A10D-4578-AE00-8FF8BFE238BC}.Release|Any CPU.ActiveCfg = Release|Any CPU
		{CC76957A-A10D-4578-AE00-8FF8BFE238BC}.Release|Any CPU.Build.0 = Release|Any CPU
		{CC76957A-A10D-4578-AE00-8FF8BFE238BC}.Release|x86.ActiveCfg = Release|x86
		{CC76957A-A10D-4578-AE00-8FF8BFE238BC}.Release|x86.Build.0 = Release|x86
		{F8CE66D2-BCC6-4CBF-92C0-03A9A4CA6124}.Debug|Any CPU.ActiveCfg = Debug|Any CPU
		{F8CE66D2-BCC6-4CBF-92C0-03A9A4CA6124}.Debug|Any CPU.Build.0 = Debug|Any CPU
		{F8CE66D2-BCC6-4CBF-92C0-03A9A4CA6124}.Debug|x86.ActiveCfg = Debug|x86
		{F8CE66D2-BCC6-4CBF-92C0-03A9A4CA6124}.Debug|x86.Build.0 = Debug|x86
		{F8CE66D2-BCC6-4CBF-92C0-03A9A4CA6124}.Release|Any CPU.ActiveCfg = Release|Any CPU
		{F8CE66D2-BCC6-4CBF-92C0-03A9A4CA6124}.Release|Any CPU.Build.0 = Release|Any CPU
		{F8CE66D2-BCC6-4CBF-92C0-03A9A4CA6124}.Release|x86.ActiveCfg = Release|x86
		{F8CE66D2-BCC6-4CBF-92C0-03A9A4CA6124}.Release|x86.Build.0 = Release|x86
		{54C74278-A38F-4583-954E-AAAD135E1CE4}.Debug|Any CPU.ActiveCfg = Debug|Any CPU
		{54C74278-A38F-4583-954E-AAAD135E1CE4}.Debug|Any CPU.Build.0 = Debug|Any CPU
		{54C74278-A38F-4583-954E-AAAD135E1CE4}.Debug|x86.ActiveCfg = Debug|x86
		{54C74278-A38F-4583-954E-AAAD135E1CE4}.Debug|x86.Build.0 = Debug|x86
		{54C74278-A38F-4583-954E-AAAD135E1CE4}.Release|Any CPU.ActiveCfg = Release|Any CPU
		{54C74278-A38F-4583-954E-AAAD135E1CE4}.Release|Any CPU.Build.0 = Release|Any CPU
		{54C74278-A38F-4583-954E-AAAD135E1CE4}.Release|x86.ActiveCfg = Release|x86
		{54C74278-A38F-4583-954E-AAAD135E1CE4}.Release|x86.Build.0 = Release|x86
		{C1337B85-DC89-492B-B9EE-4541C00971A3}.Debug|Any CPU.ActiveCfg = Debug|Any CPU
		{C1337B85-DC89-492B-B9EE-4541C00971A3}.Debug|Any CPU.Build.0 = Debug|Any CPU
		{C1337B85-DC89-492B-B9EE-4541C00971A3}.Debug|x86.ActiveCfg = Debug|x86
		{C1337B85-DC89-492B-B9EE-4541C00971A3}.Debug|x86.Build.0 = Debug|x86
		{C1337B85-DC89-492B-B9EE-4541C00971A3}.Release|Any CPU.ActiveCfg = Release|Any CPU
		{C1337B85-DC89-492B-B9EE-4541C00971A3}.Release|Any CPU.Build.0 = Release|Any CPU
		{C1337B85-DC89-492B-B9EE-4541C00971A3}.Release|x86.ActiveCfg = Release|x86
		{C1337B85-DC89-492B-B9EE-4541C00971A3}.Release|x86.Build.0 = Release|x86
		{F50AD59B-747E-4296-A950-B0B4456D8BD7}.Debug|Any CPU.ActiveCfg = Debug|Any CPU
		{F50AD59B-747E-4296-A950-B0B4456D8BD7}.Debug|Any CPU.Build.0 = Debug|Any CPU
		{F50AD59B-747E-4296-A950-B0B4456D8BD7}.Debug|x86.ActiveCfg = Debug|x86
		{F50AD59B-747E-4296-A950-B0B4456D8BD7}.Debug|x86.Build.0 = Debug|x86
		{F50AD59B-747E-4296-A950-B0B4456D8BD7}.Release|Any CPU.ActiveCfg = Release|Any CPU
		{F50AD59B-747E-4296-A950-B0B4456D8BD7}.Release|Any CPU.Build.0 = Release|Any CPU
		{F50AD59B-747E-4296-A950-B0B4456D8BD7}.Release|x86.ActiveCfg = Release|x86
		{F50AD59B-747E-4296-A950-B0B4456D8BD7}.Release|x86.Build.0 = Release|x86
	EndGlobalSection
	GlobalSection(SolutionProperties) = preSolution
		HideSolutionNode = FALSE
	EndGlobalSection
EndGlobal
