
Microsoft Visual Studio Solution File, Format Version 10.00
# Visual C++ Express 2008
Project("{8BC9CEB8-8B4A-11D0-8D11-00A0C91BC942}") = "NiSimpleTracker", "NiSimpleTracker.vcproj", "{BB768E08-667A-4BE7-9AD3-E86EBBE1B4EC}"
EndProject
Global
	GlobalSection(SolutionConfigurationPlatforms) = preSolution
		Debug|Win32 = Debug|Win32
		Release|Win32 = Release|Win32
	EndGlobalSection
	GlobalSection(ProjectConfigurationPlatforms) = postSolution
		{BB768E08-667A-4BE7-9AD3-E86EBBE1B4EC}.Debug|Win32.ActiveCfg = Debug|Win32
		{BB768E08-667A-4BE7-9AD3-E86EBBE1B4EC}.Debug|Win32.Build.0 = Debug|Win32
		{BB768E08-667A-4BE7-9AD3-E86EBBE1B4EC}.Release|Win32.ActiveCfg = Release|Win32
		{BB768E08-667A-4BE7-9AD3-E86EBBE1B4EC}.Release|Win32.Build.0 = Release|Win32
	EndGlobalSection
	GlobalSection(SolutionProperties) = preSolution
		HideSolutionNode = FALSE
	EndGlobalSection
EndGlobal
