
Microsoft Visual Studio Solution File, Format Version 10.00
# Visual C# Express 2008
Project("{FAE04EC0-301F-11D3-BF4B-00C04F79EFBC}") = "MMETest", "MMETest.csproj", "{C7C5783C-FC12-47C0-AE91-25E0BB52C0DA}"
EndProject
Global
	GlobalSection(SolutionConfigurationPlatforms) = preSolution
		Debug|Any CPU = Debug|Any CPU
		Release|Any CPU = Release|Any CPU
	EndGlobalSection
	GlobalSection(ProjectConfigurationPlatforms) = postSolution
		{C7C5783C-FC12-47C0-AE91-25E0BB52C0DA}.Debug|Any CPU.ActiveCfg = Debug|Any CPU
		{C7C5783C-FC12-47C0-AE91-25E0BB52C0DA}.Debug|Any CPU.Build.0 = Debug|Any CPU
		{C7C5783C-FC12-47C0-AE91-25E0BB52C0DA}.Release|Any CPU.ActiveCfg = Release|Any CPU
		{C7C5783C-FC12-47C0-AE91-25E0BB52C0DA}.Release|Any CPU.Build.0 = Release|Any CPU
	EndGlobalSection
	GlobalSection(SolutionProperties) = preSolution
		HideSolutionNode = FALSE
	EndGlobalSection
EndGlobal
